
Microsoft Visual Studio Solution File, Format Version 12.00
# Visual Studio Version 16
VisualStudioVersion = 16.0.29613.14
MinimumVisualStudioVersion = 10.0.40219.1
Project("{FAE04EC0-301F-11D3-BF4B-00C04F79EFBC}") = "cs330215MIS4200_1045_sp20", "cs330215MIS4200_1045_sp20.csproj", "{9BA32678-5907-422B-B9B4-908C9E36318B}"
EndProject
Global
	GlobalSection(SolutionConfigurationPlatforms) = preSolution
		Debug|Any CPU = Debug|Any CPU
		Release|Any CPU = Release|Any CPU
	EndGlobalSection
	GlobalSection(ProjectConfigurationPlatforms) = postSolution
		{9BA32678-5907-422B-B9B4-908C9E36318B}.Debug|Any CPU.ActiveCfg = Debug|Any CPU
		{9BA32678-5907-422B-B9B4-908C9E36318B}.Debug|Any CPU.Build.0 = Debug|Any CPU
		{9BA32678-5907-422B-B9B4-908C9E36318B}.Release|Any CPU.ActiveCfg = Release|Any CPU
		{9BA32678-5907-422B-B9B4-908C9E36318B}.Release|Any CPU.Build.0 = Release|Any CPU
	EndGlobalSection
	GlobalSection(SolutionProperties) = preSolution
		HideSolutionNode = FALSE
	EndGlobalSection
	GlobalSection(ExtensibilityGlobals) = postSolution
		SolutionGuid = {2C1BECF5-5E6C-4054-8EF4-CFED04625F7B}
	EndGlobalSection
EndGlobal
